
Microsoft Visual Studio Solution File, Format Version 12.00
# Visual Studio Version 16
VisualStudioVersion = 16.0.30104.148
MinimumVisualStudioVersion = 10.0.40219.1
Project("{FAE04EC0-301F-11D3-BF4B-00C04F79EFBC}") = "Lab7", "Lab7\Lab7.csproj", "{FA0C7BBA-FCA6-4373-BFB7-887AE827A5A0}"
EndProject
Global
	GlobalSection(SolutionConfigurationPlatforms) = preSolution
		Debug|Any CPU = Debug|Any CPU
		Release|Any CPU = Release|Any CPU
	EndGlobalSection
	GlobalSection(ProjectConfigurationPlatforms) = postSolution
		{FA0C7BBA-FCA6-4373-BFB7-887AE827A5A0}.Debug|Any CPU.ActiveCfg = Debug|Any CPU
		{FA0C7BBA-FCA6-4373-BFB7-887AE827A5A0}.Debug|Any CPU.Build.0 = Debug|Any CPU
		{FA0C7BBA-FCA6-4373-BFB7-887AE827A5A0}.Release|Any CPU.ActiveCfg = Release|Any CPU
		{FA0C7BBA-FCA6-4373-BFB7-887AE827A5A0}.Release|Any CPU.Build.0 = Release|Any CPU
	EndGlobalSection
	GlobalSection(SolutionProperties) = preSolution
		HideSolutionNode = FALSE
	EndGlobalSection
	GlobalSection(ExtensibilityGlobals) = postSolution
		SolutionGuid = {91574285-F3ED-498C-BE6D-769982098F0B}
	EndGlobalSection
EndGlobal
